
Microsoft Visual Studio Solution File, Format Version 12.00
# Visual Studio Version 17
VisualStudioVersion = 17.0.31903.59
MinimumVisualStudioVersion = 10.0.40219.1
Project("{2150E333-8FDC-42A3-9474-1A3956D46DE8}") = "src", "src", "{827E0CD3-B72D-47B6-A68D-7590B98EB39B}"
EndProject
Project("{FAE04EC0-301F-11D3-BF4B-00C04F79EFBC}") = "AuditAssistant.CLI", "src\AuditAssistant.CLI\AuditAssistant.CLI.csproj", "{1FEDA383-0D52-4B37-8D82-83AF84C7872B}"
EndProject
Project("{FAE04EC0-301F-11D3-BF4B-00C04F79EFBC}") = "AuditAssistant.Core", "src\AuditAssistant.Core\AuditAssistant.Core.csproj", "{EC4016F8-3971-4516-9281-E5DAD317D586}"
EndProject
Project("{FAE04EC0-301F-11D3-BF4B-00C04F79EFBC}") = "AuditAssistant.AI", "src\AuditAssistant.AI\AuditAssistant.AI.csproj", "{5053DBF8-CD4E-45FD-93C8-FA08436118CD}"
EndProject
Project("{FAE04EC0-301F-11D3-BF4B-00C04F79EFBC}") = "AuditAssistant.Data", "src\AuditAssistant.Data\AuditAssistant.Data.csproj", "{A988E2DC-525B-40EC-AE00-F4D9E9589234}"
EndProject
Global
	GlobalSection(SolutionConfigurationPlatforms) = preSolution
		Debug|Any CPU = Debug|Any CPU
		Debug|x64 = Debug|x64
		Debug|x86 = Debug|x86
		Release|Any CPU = Release|Any CPU
		Release|x64 = Release|x64
		Release|x86 = Release|x86
	EndGlobalSection
	GlobalSection(ProjectConfigurationPlatforms) = postSolution
		{1FEDA383-0D52-4B37-8D82-83AF84C7872B}.Debug|Any CPU.ActiveCfg = Debug|Any CPU
		{1FEDA383-0D52-4B37-8D82-83AF84C7872B}.Debug|Any CPU.Build.0 = Debug|Any CPU
		{1FEDA383-0D52-4B37-8D82-83AF84C7872B}.Debug|x64.ActiveCfg = Debug|Any CPU
		{1FEDA383-0D52-4B37-8D82-83AF84C7872B}.Debug|x64.Build.0 = Debug|Any CPU
		{1FEDA383-0D52-4B37-8D82-83AF84C7872B}.Debug|x86.ActiveCfg = Debug|Any CPU
		{1FEDA383-0D52-4B37-8D82-83AF84C7872B}.Debug|x86.Build.0 = Debug|Any CPU
		{1FEDA383-0D52-4B37-8D82-83AF84C7872B}.Release|Any CPU.ActiveCfg = Release|Any CPU
		{1FEDA383-0D52-4B37-8D82-83AF84C7872B}.Release|Any CPU.Build.0 = Release|Any CPU
		{1FEDA383-0D52-4B37-8D82-83AF84C7872B}.Release|x64.ActiveCfg = Release|Any CPU
		{1FEDA383-0D52-4B37-8D82-83AF84C7872B}.Release|x64.Build.0 = Release|Any CPU
		{1FEDA383-0D52-4B37-8D82-83AF84C7872B}.Release|x86.ActiveCfg = Release|Any CPU
		{1FEDA383-0D52-4B37-8D82-83AF84C7872B}.Release|x86.Build.0 = Release|Any CPU
		{EC4016F8-3971-4516-9281-E5DAD317D586}.Debug|Any CPU.ActiveCfg = Debug|Any CPU
		{EC4016F8-3971-4516-9281-E5DAD317D586}.Debug|Any CPU.Build.0 = Debug|Any CPU
		{EC4016F8-3971-4516-9281-E5DAD317D586}.Debug|x64.ActiveCfg = Debug|Any CPU
		{EC4016F8-3971-4516-9281-E5DAD317D586}.Debug|x64.Build.0 = Debug|Any CPU
		{EC4016F8-3971-4516-9281-E5DAD317D586}.Debug|x86.ActiveCfg = Debug|Any CPU
		{EC4016F8-3971-4516-9281-E5DAD317D586}.Debug|x86.Build.0 = Debug|Any CPU
		{EC4016F8-3971-4516-9281-E5DAD317D586}.Release|Any CPU.ActiveCfg = Release|Any CPU
		{EC4016F8-3971-4516-9281-E5DAD317D586}.Release|Any CPU.Build.0 = Release|Any CPU
		{EC4016F8-3971-4516-9281-E5DAD317D586}.Release|x64.ActiveCfg = Release|Any CPU
		{EC4016F8-3971-4516-9281-E5DAD317D586}.Release|x64.Build.0 = Release|Any CPU
		{EC4016F8-3971-4516-9281-E5DAD317D586}.Release|x86.ActiveCfg = Release|Any CPU
		{EC4016F8-3971-4516-9281-E5DAD317D586}.Release|x86.Build.0 = Release|Any CPU
		{5053DBF8-CD4E-45FD-93C8-FA08436118CD}.Debug|Any CPU.ActiveCfg = Debug|Any CPU
		{5053DBF8-CD4E-45FD-93C8-FA08436118CD}.Debug|Any CPU.Build.0 = Debug|Any CPU
		{5053DBF8-CD4E-45FD-93C8-FA08436118CD}.Debug|x64.ActiveCfg = Debug|Any CPU
		{5053DBF8-CD4E-45FD-93C8-FA08436118CD}.Debug|x64.Build.0 = Debug|Any CPU
		{5053DBF8-CD4E-45FD-93C8-FA08436118CD}.Debug|x86.ActiveCfg = Debug|Any CPU
		{5053DBF8-CD4E-45FD-93C8-FA08436118CD}.Debug|x86.Build.0 = Debug|Any CPU
		{5053DBF8-CD4E-45FD-93C8-FA08436118CD}.Release|Any CPU.ActiveCfg = Release|Any CPU
		{5053DBF8-CD4E-45FD-93C8-FA08436118CD}.Release|Any CPU.Build.0 = Release|Any CPU
		{5053DBF8-CD4E-45FD-93C8-FA08436118CD}.Release|x64.ActiveCfg = Release|Any CPU
		{5053DBF8-CD4E-45FD-93C8-FA08436118CD}.Release|x64.Build.0 = Release|Any CPU
		{5053DBF8-CD4E-45FD-93C8-FA08436118CD}.Release|x86.ActiveCfg = Release|Any CPU
		{5053DBF8-CD4E-45FD-93C8-FA08436118CD}.Release|x86.Build.0 = Release|Any CPU
		{A988E2DC-525B-40EC-AE00-F4D9E9589234}.Debug|Any CPU.ActiveCfg = Debug|Any CPU
		{A988E2DC-525B-40EC-AE00-F4D9E9589234}.Debug|Any CPU.Build.0 = Debug|Any CPU
		{A988E2DC-525B-40EC-AE00-F4D9E9589234}.Debug|x64.ActiveCfg = Debug|Any CPU
		{A988E2DC-525B-40EC-AE00-F4D9E9589234}.Debug|x64.Build.0 = Debug|Any CPU
		{A988E2DC-525B-40EC-AE00-F4D9E9589234}.Debug|x86.ActiveCfg = Debug|Any CPU
		{A988E2DC-525B-40EC-AE00-F4D9E9589234}.Debug|x86.Build.0 = Debug|Any CPU
		{A988E2DC-525B-40EC-AE00-F4D9E9589234}.Release|Any CPU.ActiveCfg = Release|Any CPU
		{A988E2DC-525B-40EC-AE00-F4D9E9589234}.Release|Any CPU.Build.0 = Release|Any CPU
		{A988E2DC-525B-40EC-AE00-F4D9E9589234}.Release|x64.ActiveCfg = Release|Any CPU
		{A988E2DC-525B-40EC-AE00-F4D9E9589234}.Release|x64.Build.0 = Release|Any CPU
		{A988E2DC-525B-40EC-AE00-F4D9E9589234}.Release|x86.ActiveCfg = Release|Any CPU
		{A988E2DC-525B-40EC-AE00-F4D9E9589234}.Release|x86.Build.0 = Release|Any CPU
	EndGlobalSection
	GlobalSection(SolutionProperties) = preSolution
		HideSolutionNode = FALSE
	EndGlobalSection
	GlobalSection(NestedProjects) = preSolution
		{1FEDA383-0D52-4B37-8D82-83AF84C7872B} = {827E0CD3-B72D-47B6-A68D-7590B98EB39B}
		{EC4016F8-3971-4516-9281-E5DAD317D586} = {827E0CD3-B72D-47B6-A68D-7590B98EB39B}
		{5053DBF8-CD4E-45FD-93C8-FA08436118CD} = {827E0CD3-B72D-47B6-A68D-7590B98EB39B}
		{A988E2DC-525B-40EC-AE00-F4D9E9589234} = {827E0CD3-B72D-47B6-A68D-7590B98EB39B}
	EndGlobalSection
EndGlobal
